// !$*UTF8*$!
{
	archiveVersion = 1;
	classes = {
	};
	objectVersion = 50;
	objects = {

/* Begin PBXBuildFile section */
		4C404C7F2C97AD72001928B5 /* list_view_learnApp.swift in Sources */ = {isa = PBXBuildFile; fileRef = 4C404C7E2C97AD72001928B5 /* list_view_learnApp.swift */; };
		4C404C812C97AD72001928B5 /* ContentView.swift in Sources */ = {isa = PBXBuildFile; fileRef = 4C404C802C97AD72001928B5 /* ContentView.swift */; };
		4C404C832C97AD76001928B5 /* Assets.xcassets in Resources */ = {isa = PBXBuildFile; fileRef = 4C404C822C97AD76001928B5 /* Assets.xcassets */; };
		4C404C862C97AD76001928B5 /* Preview Assets.xcassets in Resources */ = {isa = PBXBuildFile; fileRef = 4C404C852C97AD76001928B5 /* Preview Assets.xcassets */; };
		4C404C912C97AD76001928B5 /* list_view_learnTests.swift in Sources */ = {isa = PBXBuildFile; fileRef = 4C404C902C97AD76001928B5 /* list_view_learnTests.swift */; };
		4C404C9C2C97AD76001928B5 /* list_view_learnUITests.swift in Sources */ = {isa = PBXBuildFile; fileRef = 4C404C9B2C97AD76001928B5 /* list_view_learnUITests.swift */; };
/* End PBXBuildFile section */

/* Begin PBXContainerItemProxy section */
		4C404C8D2C97AD76001928B5 /* PBXContainerItemProxy */ = {
			isa = PBXContainerItemProxy;
			containerPortal = 4C404C732C97AD72001928B5 /* Project object */;
			proxyType = 1;
			remoteGlobalIDString = 4C404C7A2C97AD72001928B5;
			remoteInfo = "list_view learn";
		};
		4C404C982C97AD76001928B5 /* PBXContainerItemProxy */ = {
			isa = PBXContainerItemProxy;
			containerPortal = 4C404C732C97AD72001928B5 /* Project object */;
			proxyType = 1;
			remoteGlobalIDString = 4C404C7A2C97AD72001928B5;
			remoteInfo = "list_view learn";
		};
/* End PBXContainerItemProxy section */

/* Begin PBXFileReference section */
		4C404C7B2C97AD72001928B5 /* list_view learn.app */ = {isa = PBXFileReference; explicitFileType = wrapper.application; includeInIndex = 0; path = "list_view learn.app"; sourceTree = BUILT_PRODUCTS_DIR; };
		4C404C7E2C97AD72001928B5 /* list_view_learnApp.swift */ = {isa = PBXFileReference; lastKnownFileType = sourcecode.swift; path = list_view_learnApp.swift; sourceTree = "<group>"; };
		4C404C802C97AD72001928B5 /* ContentView.swift */ = {isa = PBXFileReference; lastKnownFileType = sourcecode.swift; path = ContentView.swift; sourceTree = "<group>"; };
		4C404C822C97AD76001928B5 /* Assets.xcassets */ = {isa = PBXFileReference; lastKnownFileType = folder.assetcatalog; path = Assets.xcassets; sourceTree = "<group>"; };
		4C404C852C97AD76001928B5 /* Preview Assets.xcassets */ = {isa = PBXFileReference; lastKnownFileType = folder.assetcatalog; path = "Preview Assets.xcassets"; sourceTree = "<group>"; };
		4C404C872C97AD76001928B5 /* Info.plist */ = {isa = PBXFileReference; lastKnownFileType = text.plist.xml; path = Info.plist; sourceTree = "<group>"; };
		4C404C8C2C97AD76001928B5 /* list_view learnTests.xctest */ = {isa = PBXFileReference; explicitFileType = wrapper.cfbundle; includeInIndex = 0; path = "list_view learnTests.xctest"; sourceTree = BUILT_PRODUCTS_DIR; };
		4C404C902C97AD76001928B5 /* list_view_learnTests.swift */ = {isa = PBXFileReference; lastKnownFileType = sourcecode.swift; path = list_view_learnTests.swift; sourceTree = "<group>"; };
		4C404C922C97AD76001928B5 /* Info.plist */ = {isa = PBXFileReference; lastKnownFileType = text.plist.xml; path = Info.plist; sourceTree = "<group>"; };
		4C404C972C97AD76001928B5 /* list_view learnUITests.xctest */ = {isa = PBXFileReference; explicitFileType = wrapper.cfbundle; includeInIndex = 0; path = "list_view learnUITests.xctest"; sourceTree = BUILT_PRODUCTS_DIR; };
		4C404C9B2C97AD76001928B5 /* list_view_learnUITests.swift */ = {isa = PBXFileReference; lastKnownFileType = sourcecode.swift; path = list_view_learnUITests.swift; sourceTree = "<group>"; };
		4C404C9D2C97AD76001928B5 /* Info.plist */ = {isa = PBXFileReference; lastKnownFileType = text.plist.xml; path = Info.plist; sourceTree = "<group>"; };
/* End PBXFileReference section */

/* Begin PBXFrameworksBuildPhase section */
		4C404C782C97AD72001928B5 /* Frameworks */ = {
			isa = PBXFrameworksBuildPhase;
			buildActionMask = 2147483647;
			files = (
			);
			runOnlyForDeploymentPostprocessing = 0;
		};
		4C404C892C97AD76001928B5 /* Frameworks */ = {
			isa = PBXFrameworksBuildPhase;
			buildActionMask = 2147483647;
			files = (
			);
			runOnlyForDeploymentPostprocessing = 0;
		};
		4C404C942C97AD76001928B5 /* Frameworks */ = {
			isa = PBXFrameworksBuildPhase;
			buildActionMask = 2147483647;
			files = (
			);
			runOnlyForDeploymentPostprocessing = 0;
		};
/* End PBXFrameworksBuildPhase section */

/* Begin PBXGroup section */
		4C404C722C97AD72001928B5 = {
			isa = PBXGroup;
			children = (
				4C404C7D2C97AD72001928B5 /* list_view learn */,
				4C404C8F2C97AD76001928B5 /* list_view learnTests */,
				4C404C9A2C97AD76001928B5 /* list_view learnUITests */,
				4C404C7C2C97AD72001928B5 /* Products */,
			);
			sourceTree = "<group>";
		};
		4C404C7C2C97AD72001928B5 /* Products */ = {
			isa = PBXGroup;
			children = (
				4C404C7B2C97AD72001928B5 /* list_view learn.app */,
				4C404C8C2C97AD76001928B5 /* list_view learnTests.xctest */,
				4C404C972C97AD76001928B5 /* list_view learnUITests.xctest */,
			);
			name = Products;
			sourceTree = "<group>";
		};
		4C404C7D2C97AD72001928B5 /* list_view learn */ = {
			isa = PBXGroup;
			children = (
				4C404C7E2C97AD72001928B5 /* list_view_learnApp.swift */,
				4C404C802C97AD72001928B5 /* ContentView.swift */,
				4C404C822C97AD76001928B5 /* Assets.xcassets */,
				4C404C872C97AD76001928B5 /* Info.plist */,
				4C404C842C97AD76001928B5 /* Preview Content */,
			);
			path = "list_view learn";
			sourceTree = "<group>";
		};
		4C404C842C97AD76001928B5 /* Preview Content */ = {
			isa = PBXGroup;
			children = (
				4C404C852C97AD76001928B5 /* Preview Assets.xcassets */,
			);
			path = "Preview Content";
			sourceTree = "<group>";
		};
		4C404C8F2C97AD76001928B5 /* list_view learnTests */ = {
			isa = PBXGroup;
			children = (
				4C404C902C97AD76001928B5 /* list_view_learnTests.swift */,
				4C404C922C97AD76001928B5 /* Info.plist */,
			);
			path = "list_view learnTests";
			sourceTree = "<group>";
		};
		4C404C9A2C97AD76001928B5 /* list_view learnUITests */ = {
			isa = PBXGroup;
			children = (
				4C404C9B2C97AD76001928B5 /* list_view_learnUITests.swift */,
				4C404C9D2C97AD76001928B5 /* Info.plist */,
			);
			path = "list_view learnUITests";
			sourceTree = "<group>";
		};
/* End PBXGroup section */

/* Begin PBXNativeTarget section */
		4C404C7A2C97AD72001928B5 /* list_view learn */ = {
			isa = PBXNativeTarget;
			buildConfigurationList = 4C404CA02C97AD76001928B5 /* Build configuration list for PBXNativeTarget "list_view learn" */;
			buildPhases = (
				4C404C772C97AD72001928B5 /* Sources */,
				4C404C782C97AD72001928B5 /* Frameworks */,
				4C404C792C97AD72001928B5 /* Resources */,
			);
			buildRules = (
			);
			dependencies = (
			);
			name = "list_view learn";
			productName = "list_view learn";
			productReference = 4C404C7B2C97AD72001928B5 /* list_view learn.app */;
			productType = "com.apple.product-type.application";
		};
		4C404C8B2C97AD76001928B5 /* list_view learnTests */ = {
			isa = PBXNativeTarget;
			buildConfigurationList = 4C404CA32C97AD76001928B5 /* Build configuration list for PBXNativeTarget "list_view learnTests" */;
			buildPhases = (
				4C404C882C97AD76001928B5 /* Sources */,
				4C404C892C97AD76001928B5 /* Frameworks */,
				4C404C8A2C97AD76001928B5 /* Resources */,
			);
			buildRules = (
			);
			dependencies = (
				4C404C8E2C97AD76001928B5 /* PBXTargetDependency */,
			);
			name = "list_view learnTests";
			productName = "list_view learnTests";
			productReference = 4C404C8C2C97AD76001928B5 /* list_view learnTests.xctest */;
			productType = "com.apple.product-type.bundle.unit-test";
		};
		4C404C962C97AD76001928B5 /* list_view learnUITests */ = {
			isa = PBXNativeTarget;
			buildConfigurationList = 4C404CA62C97AD76001928B5 /* Build configuration list for PBXNativeTarget "list_view learnUITests" */;
			buildPhases = (
				4C404C932C97AD76001928B5 /* Sources */,
				4C404C942C97AD76001928B5 /* Frameworks */,
				4C404C952C97AD76001928B5 /* Resources */,
			);
			buildRules = (
			);
			dependencies = (
				4C404C992C97AD76001928B5 /* PBXTargetDependency */,
			);
			name = "list_view learnUITests";
			productName = "list_view learnUITests";
			productReference = 4C404C972C97AD76001928B5 /* list_view learnUITests.xctest */;
			productType = "com.apple.product-type.bundle.ui-testing";
		};
/* End PBXNativeTarget section */

/* Begin PBXProject section */
		4C404C732C97AD72001928B5 /* Project object */ = {
			isa = PBXProject;
			attributes = {
				LastSwiftUpdateCheck = 1240;
				LastUpgradeCheck = 1240;
				TargetAttributes = {
					4C404C7A2C97AD72001928B5 = {
						CreatedOnToolsVersion = 12.4;
					};
					4C404C8B2C97AD76001928B5 = {
						CreatedOnToolsVersion = 12.4;
						TestTargetID = 4C404C7A2C97AD72001928B5;
					};
					4C404C962C97AD76001928B5 = {
						CreatedOnToolsVersion = 12.4;
						TestTargetID = 4C404C7A2C97AD72001928B5;
					};
				};
			};
			buildConfigurationList = 4C404C762C97AD72001928B5 /* Build configuration list for PBXProject "list_view learn" */;
			compatibilityVersion = "Xcode 9.3";
			developmentRegion = en;
			hasScannedForEncodings = 0;
			knownRegions = (
				en,
				Base,
			);
			mainGroup = 4C404C722C97AD72001928B5;
			productRefGroup = 4C404C7C2C97AD72001928B5 /* Products */;
			projectDirPath = "";
			projectRoot = "";
			targets = (
				4C404C7A2C97AD72001928B5 /* list_view learn */,
				4C404C8B2C97AD76001928B5 /* list_view learnTests */,
				4C404C962C97AD76001928B5 /* list_view learnUITests */,
			);
		};
/* End PBXProject section */

/* Begin PBXResourcesBuildPhase section */
		4C404C792C97AD72001928B5 /* Resources */ = {
			isa = PBXResourcesBuildPhase;
			buildActionMask = 2147483647;
			files = (
				4C404C862C97AD76001928B5 /* Preview Assets.xcassets in Resources */,
				4C404C832C97AD76001928B5 /* Assets.xcassets in Resources */,
			);
			runOnlyForDeploymentPostprocessing = 0;
		};
		4C404C8A2C97AD76001928B5 /* Resources */ = {
			isa = PBXResourcesBuildPhase;
			buildActionMask = 2147483647;
			files = (
			);
			runOnlyForDeploymentPostprocessing = 0;
		};
		4C404C952C97AD76001928B5 /* Resources */ = {
			isa = PBXResourcesBuildPhase;
			buildActionMask = 2147483647;
			files = (
			);
			runOnlyForDeploymentPostprocessing = 0;
		};
/* End PBXResourcesBuildPhase section */

/* Begin PBXSourcesBuildPhase section */
		4C404C772C97AD72001928B5 /* Sources */ = {
			isa = PBXSourcesBuildPhase;
			buildActionMask = 2147483647;
			files = (
				4C404C812C97AD72001928B5 /* ContentView.swift in Sources */,
				4C404C7F2C97AD72001928B5 /* list_view_learnApp.swift in Sources */,
			);
			runOnlyForDeploymentPostprocessing = 0;
		};
		4C404C882C97AD76001928B5 /* Sources */ = {
			isa = PBXSourcesBuildPhase;
			buildActionMask = 2147483647;
			files = (
				4C404C912C97AD76001928B5 /* list_view_learnTests.swift in Sources */,
			);
			runOnlyForDeploymentPostprocessing = 0;
		};
		4C404C932C97AD76001928B5 /* Sources */ = {
			isa = PBXSourcesBuildPhase;
			buildActionMask = 2147483647;
			files = (
				4C404C9C2C97AD76001928B5 /* list_view_learnUITests.swift in Sources */,
			);
			runOnlyForDeploymentPostprocessing = 0;
		};
/* End PBXSourcesBuildPhase section */

/* Begin PBXTargetDependency section */
		4C404C8E2C97AD76001928B5 /* PBXTargetDependency */ = {
			isa = PBXTargetDependency;
			target = 4C404C7A2C97AD72001928B5 /* list_view learn */;
			targetProxy = 4C404C8D2C97AD76001928B5 /* PBXContainerItemProxy */;
		};
		4C404C992C97AD76001928B5 /* PBXTargetDependency */ = {
			isa = PBXTargetDependency;
			target = 4C404C7A2C97AD72001928B5 /* list_view learn */;
			targetProxy = 4C404C982C97AD76001928B5 /* PBXContainerItemProxy */;
		};
/* End PBXTargetDependency section */

/* Begin XCBuildConfiguration section */
		4C404C9E2C97AD76001928B5 /* Debug */ = {
			isa = XCBuildConfiguration;
			buildSettings = {
				ALWAYS_SEARCH_USER_PATHS = NO;
				CLANG_ANALYZER_NONNULL = YES;
				CLANG_ANALYZER_NUMBER_OBJECT_CONVERSION = YES_AGGRESSIVE;
				CLANG_CXX_LANGUAGE_STANDARD = "gnu++14";
				CLANG_CXX_LIBRARY = "libc++";
				CLANG_ENABLE_MODULES = YES;
				CLANG_ENABLE_OBJC_ARC = YES;
				CLANG_ENABLE_OBJC_WEAK = YES;
				CLANG_WARN_BLOCK_CAPTURE_AUTORELEASING = YES;
				CLANG_WARN_BOOL_CONVERSION = YES;
				CLANG_WARN_COMMA = YES;
				CLANG_WARN_CONSTANT_CONVERSION = YES;
				CLANG_WARN_DEPRECATED_OBJC_IMPLEMENTATIONS = YES;
				CLANG_WARN_DIRECT_OBJC_ISA_USAGE = YES_ERROR;
				CLANG_WARN_DOCUMENTATION_COMMENTS = YES;
				CLANG_WARN_EMPTY_BODY = YES;
				CLANG_WARN_ENUM_CONVERSION = YES;
				CLANG_WARN_INFINITE_RECURSION = YES;
				CLANG_WARN_INT_CONVERSION = YES;
				CLANG_WARN_NON_LITERAL_NULL_CONVERSION = YES;
				CLANG_WARN_OBJC_IMPLICIT_RETAIN_SELF = YES;
				CLANG_WARN_OBJC_LITERAL_CONVERSION = YES;
				CLANG_WARN_OBJC_ROOT_CLASS = YES_ERROR;
				CLANG_WARN_QUOTED_INCLUDE_IN_FRAMEWORK_HEADER = YES;
				CLANG_WARN_RANGE_LOOP_ANALYSIS = YES;
				CLANG_WARN_STRICT_PROTOTYPES = YES;
				CLANG_WARN_SUSPICIOUS_MOVE = YES;
				CLANG_WARN_UNGUARDED_AVAILABILITY = YES_AGGRESSIVE;
				CLANG_WARN_UNREACHABLE_CODE = YES;
				CLANG_WARN__DUPLICATE_METHOD_MATCH = YES;
				COPY_PHASE_STRIP = NO;
				DEBUG_INFORMATION_FORMAT = dwarf;
				ENABLE_STRICT_OBJC_MSGSEND = YES;
				ENABLE_TESTABILITY = YES;
				GCC_C_LANGUAGE_STANDARD = gnu11;
				GCC_DYNAMIC_NO_PIC = NO;
				GCC_NO_COMMON_BLOCKS = YES;
				GCC_OPTIMIZATION_LEVEL = 0;
				GCC_PREPROCESSOR_DEFINITIONS = (
					"DEBUG=1",
					"$(inherited)",
				);
				GCC_WARN_64_TO_32_BIT_CONVERSION = YES;
				GCC_WARN_ABOUT_RETURN_TYPE = YES_ERROR;
				GCC_WARN_UNDECLARED_SELECTOR = YES;
				GCC_WARN_UNINITIALIZED_AUTOS = YES_AGGRESSIVE;
				GCC_WARN_UNUSED_FUNCTION = YES;
				GCC_WARN_UNUSED_VARIABLE = YES;
				IPHONEOS_DEPLOYMENT_TARGET = 14.4;
				MTL_ENABLE_DEBUG_INFO = INCLUDE_SOURCE;
				MTL_FAST_MATH = YES;
				ONLY_ACTIVE_ARCH = YES;
				SDKROOT = iphoneos;
				SWIFT_ACTIVE_COMPILATION_CONDITIONS = DEBUG;
				SWIFT_OPTIMIZATION_LEVEL = "-Onone";
			};
			name = Debug;
		};
		4C404C9F2C97AD76001928B5 /* Release */ = {
			isa = XCBuildConfiguration;
			buildSettings = {
				ALWAYS_SEARCH_USER_PATHS = NO;
				CLANG_ANALYZER_NONNULL = YES;
				CLANG_ANALYZER_NUMBER_OBJECT_CONVERSION = YES_AGGRESSIVE;
				CLANG_CXX_LANGUAGE_STANDARD = "gnu++14";
				CLANG_CXX_LIBRARY = "libc++";
				CLANG_ENABLE_MODULES = YES;
				CLANG_ENABLE_OBJC_ARC = YES;
				CLANG_ENABLE_OBJC_WEAK = YES;
				CLANG_WARN_BLOCK_CAPTURE_AUTORELEASING = YES;
				CLANG_WARN_BOOL_CONVERSION = YES;
				CLANG_WARN_COMMA = YES;
				CLANG_WARN_CONSTANT_CONVERSION = YES;
				CLANG_WARN_DEPRECATED_OBJC_IMPLEMENTATIONS = YES;
				CLANG_WARN_DIRECT_OBJC_ISA_USAGE = YES_ERROR;
				CLANG_WARN_DOCUMENTATION_COMMENTS = YES;
				CLANG_WARN_EMPTY_BODY = YES;
				CLANG_WARN_ENUM_CONVERSION = YES;
				CLANG_WARN_INFINITE_RECURSION = YES;
				CLANG_WARN_INT_CONVERSION = YES;
				CLANG_WARN_NON_LITERAL_NULL_CONVERSION = YES;
				CLANG_WARN_OBJC_IMPLICIT_RETAIN_SELF = YES;
				CLANG_WARN_OBJC_LITERAL_CONVERSION = YES;
				CLANG_WARN_OBJC_ROOT_CLASS = YES_ERROR;
				CLANG_WARN_QUOTED_INCLUDE_IN_FRAMEWORK_HEADER = YES;
				CLANG_WARN_RANGE_LOOP_ANALYSIS = YES;
				CLANG_WARN_STRICT_PROTOTYPES = YES;
				CLANG_WARN_SUSPICIOUS_MOVE = YES;
				CLANG_WARN_UNGUARDED_AVAILABILITY = YES_AGGRESSIVE;
				CLANG_WARN_UNREACHABLE_CODE = YES;
				CLANG_WARN__DUPLICATE_METHOD_MATCH = YES;
				COPY_PHASE_STRIP = NO;
				DEBUG_INFORMATION_FORMAT = "dwarf-with-dsym";
				ENABLE_NS_ASSERTIONS = NO;
				ENABLE_STRICT_OBJC_MSGSEND = YES;
				GCC_C_LANGUAGE_STANDARD = gnu11;
				GCC_NO_COMMON_BLOCKS = YES;
				GCC_WARN_64_TO_32_BIT_CONVERSION = YES;
				GCC_WARN_ABOUT_RETURN_TYPE = YES_ERROR;
				GCC_WARN_UNDECLARED_SELECTOR = YES;
				GCC_WARN_UNINITIALIZED_AUTOS = YES_AGGRESSIVE;
				GCC_WARN_UNUSED_FUNCTION = YES;
				GCC_WARN_UNUSED_VARIABLE = YES;
				IPHONEOS_DEPLOYMENT_TARGET = 14.4;
				MTL_ENABLE_DEBUG_INFO = NO;
				MTL_FAST_MATH = YES;
				SDKROOT = iphoneos;
				SWIFT_COMPILATION_MODE = wholemodule;
				SWIFT_OPTIMIZATION_LEVEL = "-O";
				VALIDATE_PRODUCT = YES;
			};
			name = Release;
		};
		4C404CA12C97AD76001928B5 /* Debug */ = {
			isa = XCBuildConfiguration;
			buildSettings = {
				ASSETCATALOG_COMPILER_APPICON_NAME = AppIcon;
				ASSETCATALOG_COMPILER_GLOBAL_ACCENT_COLOR_NAME = AccentColor;
				CODE_SIGN_STYLE = Automatic;
				DEVELOPMENT_ASSET_PATHS = "\"list_view learn/Preview Content\"";
				ENABLE_PREVIEWS = YES;
				INFOPLIST_FILE = "list_view learn/Info.plist";
				IPHONEOS_DEPLOYMENT_TARGET = 14.0;
				LD_RUNPATH_SEARCH_PATHS = (
					"$(inherited)",
					"@executable_path/Frameworks",
				);
				PRODUCT_BUNDLE_IDENTIFIER = "com.gmail-tinki.pd.list-view-learn";
				PRODUCT_NAME = "$(TARGET_NAME)";
				SWIFT_VERSION = 5.0;
				TARGETED_DEVICE_FAMILY = "1,2";
			};
			name = Debug;
		};
		4C404CA22C97AD76001928B5 /* Release */ = {
			isa = XCBuildConfiguration;
			buildSettings = {
				ASSETCATALOG_COMPILER_APPICON_NAME = AppIcon;
				ASSETCATALOG_COMPILER_GLOBAL_ACCENT_COLOR_NAME = AccentColor;
				CODE_SIGN_STYLE = Automatic;
				DEVELOPMENT_ASSET_PATHS = "\"list_view learn/Preview Content\"";
				ENABLE_PREVIEWS = YES;
				INFOPLIST_FILE = "list_view learn/Info.plist";
				IPHONEOS_DEPLOYMENT_TARGET = 14.0;
				LD_RUNPATH_SEARCH_PATHS = (
					"$(inherited)",
					"@executable_path/Frameworks",
				);
				PRODUCT_BUNDLE_IDENTIFIER = "com.gmail-tinki.pd.list-view-learn";
				PRODUCT_NAME = "$(TARGET_NAME)";
				SWIFT_VERSION = 5.0;
				TARGETED_DEVICE_FAMILY = "1,2";
			};
			name = Release;
		};
		4C404CA42C97AD76001928B5 /* Debug */ = {
			isa = XCBuildConfiguration;
			buildSettings = {
				ALWAYS_EMBED_SWIFT_STANDARD_LIBRARIES = YES;
				BUNDLE_LOADER = "$(TEST_HOST)";
				CODE_SIGN_STYLE = Automatic;
				INFOPLIST_FILE = "list_view learnTests/Info.plist";
				IPHONEOS_DEPLOYMENT_TARGET = 14.0;
				LD_RUNPATH_SEARCH_PATHS = (
					"$(inherited)",
					"@executable_path/Frameworks",
					"@loader_path/Frameworks",
				);
				PRODUCT_BUNDLE_IDENTIFIER = "com.gmail-tinki.pd.list-view-learnTests";
				PRODUCT_NAME = "$(TARGET_NAME)";
				SWIFT_VERSION = 5.0;
				TARGETED_DEVICE_FAMILY = "1,2";
				TEST_HOST = "$(BUILT_PRODUCTS_DIR)/list_view learn.app/list_view learn";
			};
			name = Debug;
		};
		4C404CA52C97AD76001928B5 /* Release */ = {
			isa = XCBuildConfiguration;
			buildSettings = {
				ALWAYS_EMBED_SWIFT_STANDARD_LIBRARIES = YES;
				BUNDLE_LOADER = "$(TEST_HOST)";
				CODE_SIGN_STYLE = Automatic;
				INFOPLIST_FILE = "list_view learnTests/Info.plist";
				IPHONEOS_DEPLOYMENT_TARGET = 14.0;
				LD_RUNPATH_SEARCH_PATHS = (
					"$(inherited)",
					"@executable_path/Frameworks",
					"@loader_path/Frameworks",
				);
				PRODUCT_BUNDLE_IDENTIFIER = "com.gmail-tinki.pd.list-view-learnTests";
				PRODUCT_NAME = "$(TARGET_NAME)";
				SWIFT_VERSION = 5.0;
				TARGETED_DEVICE_FAMILY = "1,2";
				TEST_HOST = "$(BUILT_PRODUCTS_DIR)/list_view learn.app/list_view learn";
			};
			name = Release;
		};
		4C404CA72C97AD76001928B5 /* Debug */ = {
			isa = XCBuildConfiguration;
			buildSettings = {
				ALWAYS_EMBED_SWIFT_STANDARD_LIBRARIES = YES;
				CODE_SIGN_STYLE = Automatic;
				INFOPLIST_FILE = "list_view learnUITests/Info.plist";
				LD_RUNPATH_SEARCH_PATHS = (
					"$(inherited)",
					"@executable_path/Frameworks",
					"@loader_path/Frameworks",
				);
				PRODUCT_BUNDLE_IDENTIFIER = "com.gmail-tinki.pd.list-view-learnUITests";
				PRODUCT_NAME = "$(TARGET_NAME)";
				SWIFT_VERSION = 5.0;
				TARGETED_DEVICE_FAMILY = "1,2";
				TEST_TARGET_NAME = "list_view learn";
			};
			name = Debug;
		};
		4C404CA82C97AD76001928B5 /* Release */ = {
			isa = XCBuildConfiguration;
			buildSettings = {
				ALWAYS_EMBED_SWIFT_STANDARD_LIBRARIES = YES;
				CODE_SIGN_STYLE = Automatic;
				INFOPLIST_FILE = "list_view learnUITests/Info.plist";
				LD_RUNPATH_SEARCH_PATHS = (
					"$(inherited)",
					"@executable_path/Frameworks",
					"@loader_path/Frameworks",
				);
				PRODUCT_BUNDLE_IDENTIFIER = "com.gmail-tinki.pd.list-view-learnUITests";
				PRODUCT_NAME = "$(TARGET_NAME)";
				SWIFT_VERSION = 5.0;
				TARGETED_DEVICE_FAMILY = "1,2";
				TEST_TARGET_NAME = "list_view learn";
			};
			name = Release;
		};
/* End XCBuildConfiguration section */

/* Begin XCConfigurationList section */
		4C404C762C97AD72001928B5 /* Build configuration list for PBXProject "list_view learn" */ = {
			isa = XCConfigurationList;
			buildConfigurations = (
				4C404C9E2C97AD76001928B5 /* Debug */,
				4C404C9F2C97AD76001928B5 /* Release */,
			);
			defaultConfigurationIsVisible = 0;
			defaultConfigurationName = Release;
		};
		4C404CA02C97AD76001928B5 /* Build configuration list for PBXNativeTarget "list_view learn" */ = {
			isa = XCConfigurationList;
			buildConfigurations = (
				4C404CA12C97AD76001928B5 /* Debug */,
				4C404CA22C97AD76001928B5 /* Release */,
			);
			defaultConfigurationIsVisible = 0;
			defaultConfigurationName = Release;
		};
		4C404CA32C97AD76001928B5 /* Build configuration list for PBXNativeTarget "list_view learnTests" */ = {
			isa = XCConfigurationList;
			buildConfigurations = (
				4C404CA42C97AD76001928B5 /* Debug */,
				4C404CA52C97AD76001928B5 /* Release */,
			);
			defaultConfigurationIsVisible = 0;
			defaultConfigurationName = Release;
		};
		4C404CA62C97AD76001928B5 /* Build configuration list for PBXNativeTarget "list_view learnUITests" */ = {
			isa = XCConfigurationList;
			buildConfigurations = (
				4C404CA72C97AD76001928B5 /* Debug */,
				4C404CA82C97AD76001928B5 /* Release */,
			);
			defaultConfigurationIsVisible = 0;
			defaultConfigurationName = Release;
		};
/* End XCConfigurationList section */
	};
	rootObject = 4C404C732C97AD72001928B5 /* Project object */;
}
